<?xml version="1.0" encoding="utf-8"?>
<Project ToolsVersion="4.0" xmlns="http://schemas.microsoft.com/developer/msbuild/2003">
  <ItemGroup>
    <Filter Include="Source Files">
      <UniqueIdentifier>{4FC737F1-C7A5-4376-A066-2A32D752A2FF}</UniqueIdentifier>
      <Extensions>cpp;c;cc;cxx;c++;def;odl;idl;hpj;bat;asm;asmx</Extensions>
    </Filter>
    <Filter Include="Header Files">
      <UniqueIdentifier>{93995380-89BD-4b04-88EB-625FBE52EBFB}</UniqueIdentifier>
      <Extensions>h;hh;hpp;hxx;h++;hm;inl;inc;ipp;xsd</Extensions>
    </Filter>
    <Filter Include="Resource Files">
      <UniqueIdentifier>{67DA6AB6-F800-4c08-8B7A-83BB121AAD01}</UniqueIdentifier>
      <Extensions>rc;ico;cur;bmp;dlg;rc2;rct;bin;rgs;gif;jpg;jpeg;jpe;resx;tiff;tif;png;wav;mfcribbon-ms</Extensions>
    </Filter>
    <Filter Include="Base Classes">
      <UniqueIdentifier>{758cafeb-d61a-4f53-9642-661d8b3f5a3c}</UniqueIdentifier>
    </Filter>
    <Filter Include="Movement Components">
      <UniqueIdentifier>{d6b313a9-9c3a-4466-aed1-70b3236d5af3}</UniqueIdentifier>
    </Filter>
    <Filter Include="Mesh Components">
      <UniqueIdentifier>{b024771b-f8bc-4201-9703-90eda1a73603}</UniqueIdentifier>
    </Filter>
    <Filter Include="Lights">
      <UniqueIdentifier>{1408a698-8899-445c-8fc0-019fc18550fa}</UniqueIdentifier>
    </Filter>
    <Filter Include="Physics">
      <UniqueIdentifier>{f3bc3bcc-3123-415d-bb7f-b6317a843f9c}</UniqueIdentifier>
    </Filter>
    <Filter Include="Sound">
      <UniqueIdentifier>{226ea185-6f15-4b8e-993f-7f61c8b05740}</UniqueIdentifier>
    </Filter>
    <Filter Include="Cameras">
      <UniqueIdentifier>{b2fd1c5b-de14-4f75-94b5-b856af8f7e9b}</UniqueIdentifier>
    </Filter>
    <Filter Include="Games">
      <UniqueIdentifier>{dd08b56b-d28c-4137-bfcd-12875ec5f388}</UniqueIdentifier>
    </Filter>
  </ItemGroup>
  <ItemGroup>
    <ClInclude Include="SoundEngine.h">
      <Filter>Sound</Filter>
    </ClInclude>
    <ClInclude Include="SoundBaseComponent.h">
      <Filter>Sound</Filter>
    </ClInclude>
    <ClInclude Include="SoundListenerComponent.h">
      <Filter>Sound</Filter>
    </ClInclude>
    <ClInclude Include="SoundSourceComponent.h">
      <Filter>Sound</Filter>
    </ClInclude>
    <ClInclude Include="Texture.h">
      <Filter>Base Classes</Filter>
    </ClInclude>
    <ClInclude Include="WaypointComponent.h">
      <Filter>Movement Components</Filter>
    </ClInclude>
    <ClInclude Include="SteeringComponent.h">
      <Filter>Movement Components</Filter>
    </ClInclude>
    <ClInclude Include="SpotLightComponent.h">
      <Filter>Lights</Filter>
    </ClInclude>
    <ClInclude Include="SphereMeshComponent.h">
      <Filter>Mesh Components</Filter>
    </ClInclude>
    <ClInclude Include="SharedUniformBlock.h">
      <Filter>Base Classes</Filter>
    </ClInclude>
    <ClInclude Include="SharedTransformations.h">
      <Filter>Base Classes</Filter>
    </ClInclude>
    <ClInclude Include="SharedMaterials.h">
      <Filter>Mesh Components</Filter>
    </ClInclude>
    <ClInclude Include="SharedLighting.h">
      <Filter>Lights</Filter>
    </ClInclude>
    <ClInclude Include="SceneGraphNode.h">
      <Filter>Base Classes</Filter>
    </ClInclude>
    <ClInclude Include="MathLibsConstsFuncs.h">
      <Filter>Base Classes</Filter>
    </ClInclude>
    <ClInclude Include="MoveComponent.h">
      <Filter>Movement Components</Filter>
    </ClInclude>
    <ClInclude Include="Material.h">
      <Filter>Mesh Components</Filter>
    </ClInclude>
    <ClInclude Include="Component.h">
      <Filter>Base Classes</Filter>
    </ClInclude>
    <ClInclude Include="Game.h">
      <Filter>Base Classes</Filter>
    </ClInclude>
    <ClInclude Include="ModelMeshComponent.h">
      <Filter>Mesh Components</Filter>
    </ClInclude>
    <ClInclude Include="MeshComponent.h">
      <Filter>Mesh Components</Filter>
    </ClInclude>
    <ClInclude Include="BoxMeshComponent.h">
      <Filter>Mesh Components</Filter>
    </ClInclude>
    <ClInclude Include="GameObject.h">
      <Filter>Base Classes</Filter>
    </ClInclude>
    <ClInclude Include="BuildShaderProgram.h">
      <Filter>Base Classes</Filter>
    </ClInclude>
    <ClInclude Include="GameEngine.h">
      <Filter>Base Classes</Filter>
    </ClInclude>
    <ClInclude Include="PhysicsDemonstrationComponent.h">
      <Filter>Movement Components</Filter>
    </ClInclude>
    <ClInclude Include="DirectionalLIghtComponent.h">
      <Filter>Lights</Filter>
    </ClInclude>
    <ClInclude Include="LightComponent.h">
      <Filter>Lights</Filter>
    </ClInclude>
    <ClInclude Include="PositionLightComponent.h">
      <Filter>Lights</Filter>
    </ClInclude>
    <ClInclude Include="PointSteerComponent.h">
      <Filter>Movement Components</Filter>
    </ClInclude>
    <ClInclude Include="ModelMakerComponent.h">
      <Filter>Mesh Components</Filter>
    </ClInclude>
    <ClInclude Include="RigidBodyComponent.h">
      <Filter>Physics</Filter>
    </ClInclude>
    <ClInclude Include="PhysicsEngine.h">
      <Filter>Physics</Filter>
    </ClInclude>
    <ClInclude Include="RemoveComponent.h">
      <Filter>Movement Components</Filter>
    </ClInclude>
    <ClInclude Include="SkyBoxComponent.h">
      <Filter>Mesh Components</Filter>
    </ClInclude>
    <ClInclude Include="CylinderMeshComponent.h">
      <Filter>Mesh Components</Filter>
    </ClInclude>
    <ClInclude Include="CollisionComponent.h">
      <Filter>Movement Components</Filter>
    </ClInclude>
    <ClInclude Include="Scene1.h">
      <Filter>Games</Filter>
    </ClInclude>
    <ClInclude Include="Scene2.h">
      <Filter>Games</Filter>
    </ClInclude>
    <ClInclude Include="CameraComponent.h">
      <Filter>Cameras</Filter>
    </ClInclude>
  </ItemGroup>
  <ItemGroup>
    <ClCompile Include="BoxMeshComponent.cpp">
      <Filter>Mesh Components</Filter>
    </ClCompile>
    <ClCompile Include="MeshComponent.cpp">
      <Filter>Mesh Components</Filter>
    </ClCompile>
    <ClCompile Include="ModelMeshComponent.cpp">
      <Filter>Mesh Components</Filter>
    </ClCompile>
    <ClCompile Include="WaypointComponent.cpp">
      <Filter>Movement Components</Filter>
    </ClCompile>
    <ClCompile Include="SteeringComponent.cpp">
      <Filter>Movement Components</Filter>
    </ClCompile>
    <ClCompile Include="PointSteerComponent.cpp">
      <Filter>Movement Components</Filter>
    </ClCompile>
    <ClCompile Include="MoveComponent.cpp">
      <Filter>Movement Components</Filter>
    </ClCompile>
    <ClCompile Include="SpotLightComponent.cpp">
      <Filter>Lights</Filter>
    </ClCompile>
    <ClCompile Include="SharedLighting.cpp">
      <Filter>Lights</Filter>
    </ClCompile>
    <ClCompile Include="LightComponent.cpp">
      <Filter>Lights</Filter>
    </ClCompile>
    <ClCompile Include="DirectionalLIghtComponent.cpp">
      <Filter>Lights</Filter>
    </ClCompile>
    <ClCompile Include="PositionLightComponent.cpp">
      <Filter>Lights</Filter>
    </ClCompile>
    <ClCompile Include="Game.cpp">
      <Filter>Base Classes</Filter>
    </ClCompile>
    <ClCompile Include="GameObject.cpp">
      <Filter>Base Classes</Filter>
    </ClCompile>
    <ClCompile Include="BuildShaderProgram.cpp">
      <Filter>Base Classes</Filter>
    </ClCompile>
    <ClCompile Include="MathLibsConstsFuncs.cpp">
      <Filter>Base Classes</Filter>
    </ClCompile>
    <ClCompile Include="Component.cpp">
      <Filter>Base Classes</Filter>
    </ClCompile>
    <ClCompile Include="main.cpp">
      <Filter>Base Classes</Filter>
    </ClCompile>
    <ClCompile Include="SceneGraphNode.cpp">
      <Filter>Base Classes</Filter>
    </ClCompile>
    <ClCompile Include="PhysicsDemonstrationComponent.cpp">
      <Filter>Movement Components</Filter>
    </ClCompile>
    <ClCompile Include="SphereMeshComponent.cpp">
      <Filter>Mesh Components</Filter>
    </ClCompile>
    <ClCompile Include="Texture.cpp">
      <Filter>Base Classes</Filter>
    </ClCompile>
    <ClCompile Include="SharedMaterials.cpp">
      <Filter>Mesh Components</Filter>
    </ClCompile>
    <ClCompile Include="SharedTransformations.cpp">
      <Filter>Base Classes</Filter>
    </ClCompile>
    <ClCompile Include="SoundSourceComponent.cpp">
      <Filter>Sound</Filter>
    </ClCompile>
    <ClCompile Include="SoundListenerComponent.cpp">
      <Filter>Sound</Filter>
    </ClCompile>
    <ClCompile Include="SoundEngine.cpp">
      <Filter>Sound</Filter>
    </ClCompile>
    <ClCompile Include="SoundBaseComponent.cpp">
      <Filter>Sound</Filter>
    </ClCompile>
    <ClCompile Include="SharedUniformBlock.cpp">
      <Filter>Base Classes</Filter>
    </ClCompile>
    <ClCompile Include="ModelMakerComponent.cpp">
      <Filter>Mesh Components</Filter>
    </ClCompile>
    <ClCompile Include="RigidBodyComponent.cpp">
      <Filter>Physics</Filter>
    </ClCompile>
    <ClCompile Include="PhysicsEngine.cpp">
      <Filter>Physics</Filter>
    </ClCompile>
    <ClCompile Include="RemoveComponent.cpp">
      <Filter>Movement Components</Filter>
    </ClCompile>
    <ClCompile Include="SkyBoxComponent.cpp">
      <Filter>Mesh Components</Filter>
    </ClCompile>
    <ClCompile Include="CylinderMeshComponent.cpp">
      <Filter>Mesh Components</Filter>
    </ClCompile>
    <ClCompile Include="CameraComponent.cpp">
      <Filter>Cameras</Filter>
    </ClCompile>
  </ItemGroup>
  <ItemGroup>
    <None Include="Shaders\fragmentShader.glsl" />
    <None Include="Shaders\vertexShader.glsl" />
    <None Include="Shaders\skyboxFragmentShader.fs.glsl" />
    <None Include="Shaders\skyboxVertexShader.vs.glsl" />
    <None Include="ClassDiagram.cd" />
  </ItemGroup>
</Project>